
Microsoft Visual Studio Solution File, Format Version 12.00
# Visual Studio Version 17
VisualStudioVersion = 17.13.35806.99 d17.13
MinimumVisualStudioVersion = 10.0.40219.1
Project("{FAE04EC0-301F-11D3-BF4B-00C04F79EFBC}") = "eDnevnik", "eDnevnik.csproj", "{D4D587E0-7DB4-4D4B-8603-E79923A151B0}"
EndProject
Global
	GlobalSection(SolutionConfigurationPlatforms) = preSolution
		Debug|Any CPU = Debug|Any CPU
		Release|Any CPU = Release|Any CPU
	EndGlobalSection
	GlobalSection(ProjectConfigurationPlatforms) = postSolution
		{D4D587E0-7DB4-4D4B-8603-E79923A151B0}.Debug|Any CPU.ActiveCfg = Debug|Any CPU
		{D4D587E0-7DB4-4D4B-8603-E79923A151B0}.Debug|Any CPU.Build.0 = Debug|Any CPU
		{D4D587E0-7DB4-4D4B-8603-E79923A151B0}.Release|Any CPU.ActiveCfg = Release|Any CPU
		{D4D587E0-7DB4-4D4B-8603-E79923A151B0}.Release|Any CPU.Build.0 = Release|Any CPU
	EndGlobalSection
	GlobalSection(SolutionProperties) = preSolution
		HideSolutionNode = FALSE
	EndGlobalSection
	GlobalSection(ExtensibilityGlobals) = postSolution
		SolutionGuid = {E1EF9E21-0992-4431-A214-9E0D4FC308EC}
	EndGlobalSection
EndGlobal
